// !$*UTF8*$!
{
	archiveVersion = 1;
	classes = {
	};
	objectVersion = 56;
	objects = {

/* Begin PBXBuildFile section */
		1B2F32532ADEDF2700F68A15 /* MainViewController.swift in Sources */ = {isa = PBXBuildFile; fileRef = 1B2F32522ADEDF2600F68A15 /* MainViewController.swift */; };
		1B2F32562AE0017600F68A15 /* Localizable.strings in Resources */ = {isa = PBXBuildFile; fileRef = 1B2F32582AE0017600F68A15 /* Localizable.strings */; };
		1B2F325C2AE004BA00F68A15 /* Strings.swift in Sources */ = {isa = PBXBuildFile; fileRef = 1B2F325B2AE004BA00F68A15 /* Strings.swift */; };
		1BEECA692AE5AA440085AB1E /* CalculateOptionStackViewBuilder.swift in Sources */ = {isa = PBXBuildFile; fileRef = 1BEECA682AE5AA440085AB1E /* CalculateOptionStackViewBuilder.swift */; };
		1BEECA6B2AE5B0400085AB1E /* DropDownButtonBuilder.swift in Sources */ = {isa = PBXBuildFile; fileRef = 1BEECA6A2AE5B0400085AB1E /* DropDownButtonBuilder.swift */; };
		1BEECA6D2AE5B1FF0085AB1E /* AmountOfCreditStackViewBuilder.swift in Sources */ = {isa = PBXBuildFile; fileRef = 1BEECA6C2AE5B1FF0085AB1E /* AmountOfCreditStackViewBuilder.swift */; };
		1BEECA6F2AE5B38D0085AB1E /* CreditTermStackViewBuilder.swift in Sources */ = {isa = PBXBuildFile; fileRef = 1BEECA6E2AE5B38D0085AB1E /* CreditTermStackViewBuilder.swift */; };
		1BEECA712AE934300085AB1E /* InterestRateStackViewBuilder.swift in Sources */ = {isa = PBXBuildFile; fileRef = 1BEECA702AE934300085AB1E /* InterestRateStackViewBuilder.swift */; };
		1BEECA732AE950BF0085AB1E /* MonthlyPaymentStackViewBuilder.swift in Sources */ = {isa = PBXBuildFile; fileRef = 1BEECA722AE950BF0085AB1E /* MonthlyPaymentStackViewBuilder.swift */; };
		245BDA66D846C5BAC755C3AA /* Pods_FincherTests.framework in Frameworks */ = {isa = PBXBuildFile; fileRef = D657E842A100FC60B4DD3071 /* Pods_FincherTests.framework */; };
		51191BACE14E19FB23B73618 /* Pods_Fincher_FincherUITests.framework in Frameworks */ = {isa = PBXBuildFile; fileRef = B34C4F0A82B8DF30B51ECCE7 /* Pods_Fincher_FincherUITests.framework */; };
		924669992ADDB6EE00C2A238 /* AppDelegate.swift in Sources */ = {isa = PBXBuildFile; fileRef = 924669982ADDB6EE00C2A238 /* AppDelegate.swift */; };
		9246699B2ADDB6EE00C2A238 /* SceneDelegate.swift in Sources */ = {isa = PBXBuildFile; fileRef = 9246699A2ADDB6EE00C2A238 /* SceneDelegate.swift */; };
		924669A22ADDB6F000C2A238 /* Assets.xcassets in Resources */ = {isa = PBXBuildFile; fileRef = 924669A12ADDB6F000C2A238 /* Assets.xcassets */; };
		924669A52ADDB6F000C2A238 /* LaunchScreen.storyboard in Resources */ = {isa = PBXBuildFile; fileRef = 924669A32ADDB6F000C2A238 /* LaunchScreen.storyboard */; };
		924669B02ADDB6F000C2A238 /* FincherTests.swift in Sources */ = {isa = PBXBuildFile; fileRef = 924669AF2ADDB6F000C2A238 /* FincherTests.swift */; };
		924669BA2ADDB6F000C2A238 /* FincherUITests.swift in Sources */ = {isa = PBXBuildFile; fileRef = 924669B92ADDB6F000C2A238 /* FincherUITests.swift */; };
		924669BC2ADDB6F000C2A238 /* FincherUITestsLaunchTests.swift in Sources */ = {isa = PBXBuildFile; fileRef = 924669BB2ADDB6F000C2A238 /* FincherUITestsLaunchTests.swift */; };
		B243CFCCB09B6DF5C61873E0 /* Pods_Fincher.framework in Frameworks */ = {isa = PBXBuildFile; fileRef = 34A5529620D6A61E2982F382 /* Pods_Fincher.framework */; };
/* End PBXBuildFile section */

/* Begin PBXContainerItemProxy section */
		924669AC2ADDB6F000C2A238 /* PBXContainerItemProxy */ = {
			isa = PBXContainerItemProxy;
			containerPortal = 9246698D2ADDB6EE00C2A238 /* Project object */;
			proxyType = 1;
			remoteGlobalIDString = 924669942ADDB6EE00C2A238;
			remoteInfo = Fincher;
		};
		924669B62ADDB6F000C2A238 /* PBXContainerItemProxy */ = {
			isa = PBXContainerItemProxy;
			containerPortal = 9246698D2ADDB6EE00C2A238 /* Project object */;
			proxyType = 1;
			remoteGlobalIDString = 924669942ADDB6EE00C2A238;
			remoteInfo = Fincher;
		};
/* End PBXContainerItemProxy section */

/* Begin PBXFileReference section */
		1B2F32522ADEDF2600F68A15 /* MainViewController.swift */ = {isa = PBXFileReference; lastKnownFileType = sourcecode.swift; path = MainViewController.swift; sourceTree = SOURCE_ROOT; };
		1B2F32572AE0017600F68A15 /* en */ = {isa = PBXFileReference; lastKnownFileType = text.plist.strings; name = en; path = en.lproj/Localizable.strings; sourceTree = "<group>"; };
		1B2F32592AE001A300F68A15 /* ru */ = {isa = PBXFileReference; lastKnownFileType = text.plist.strings; name = ru; path = ru.lproj/LaunchScreen.strings; sourceTree = "<group>"; };
		1B2F325A2AE001A400F68A15 /* ru */ = {isa = PBXFileReference; lastKnownFileType = text.plist.strings; name = ru; path = ru.lproj/Localizable.strings; sourceTree = "<group>"; };
		1B2F325B2AE004BA00F68A15 /* Strings.swift */ = {isa = PBXFileReference; lastKnownFileType = sourcecode.swift; name = Strings.swift; path = Fincher/Resources/Strings.swift; sourceTree = SOURCE_ROOT; };
		1BEECA682AE5AA440085AB1E /* CalculateOptionStackViewBuilder.swift */ = {isa = PBXFileReference; lastKnownFileType = sourcecode.swift; path = CalculateOptionStackViewBuilder.swift; sourceTree = "<group>"; };
		1BEECA6A2AE5B0400085AB1E /* DropDownButtonBuilder.swift */ = {isa = PBXFileReference; lastKnownFileType = sourcecode.swift; path = DropDownButtonBuilder.swift; sourceTree = "<group>"; };
		1BEECA6C2AE5B1FF0085AB1E /* AmountOfCreditStackViewBuilder.swift */ = {isa = PBXFileReference; lastKnownFileType = sourcecode.swift; path = AmountOfCreditStackViewBuilder.swift; sourceTree = "<group>"; };
		1BEECA6E2AE5B38D0085AB1E /* CreditTermStackViewBuilder.swift */ = {isa = PBXFileReference; lastKnownFileType = sourcecode.swift; path = CreditTermStackViewBuilder.swift; sourceTree = "<group>"; };
		1BEECA702AE934300085AB1E /* InterestRateStackViewBuilder.swift */ = {isa = PBXFileReference; lastKnownFileType = sourcecode.swift; path = InterestRateStackViewBuilder.swift; sourceTree = "<group>"; };
		1BEECA722AE950BF0085AB1E /* MonthlyPaymentStackViewBuilder.swift */ = {isa = PBXFileReference; lastKnownFileType = sourcecode.swift; path = MonthlyPaymentStackViewBuilder.swift; sourceTree = "<group>"; };
		2A6D6232FB7AC4E430DA1A38 /* Pods-Fincher.debug.xcconfig */ = {isa = PBXFileReference; includeInIndex = 1; lastKnownFileType = text.xcconfig; name = "Pods-Fincher.debug.xcconfig"; path = "Target Support Files/Pods-Fincher/Pods-Fincher.debug.xcconfig"; sourceTree = "<group>"; };
		32DB09BD8B4D417652BE1814 /* Pods-FincherTests.debug.xcconfig */ = {isa = PBXFileReference; includeInIndex = 1; lastKnownFileType = text.xcconfig; name = "Pods-FincherTests.debug.xcconfig"; path = "Target Support Files/Pods-FincherTests/Pods-FincherTests.debug.xcconfig"; sourceTree = "<group>"; };
		34A5529620D6A61E2982F382 /* Pods_Fincher.framework */ = {isa = PBXFileReference; explicitFileType = wrapper.framework; includeInIndex = 0; path = Pods_Fincher.framework; sourceTree = BUILT_PRODUCTS_DIR; };
		565CD788E1A1642640FC08E0 /* Pods-Fincher.release.xcconfig */ = {isa = PBXFileReference; includeInIndex = 1; lastKnownFileType = text.xcconfig; name = "Pods-Fincher.release.xcconfig"; path = "Target Support Files/Pods-Fincher/Pods-Fincher.release.xcconfig"; sourceTree = "<group>"; };
		64396A8AC74A400ED8AC0C44 /* Pods-FincherTests.release.xcconfig */ = {isa = PBXFileReference; includeInIndex = 1; lastKnownFileType = text.xcconfig; name = "Pods-FincherTests.release.xcconfig"; path = "Target Support Files/Pods-FincherTests/Pods-FincherTests.release.xcconfig"; sourceTree = "<group>"; };
		924669952ADDB6EE00C2A238 /* Fincher.app */ = {isa = PBXFileReference; explicitFileType = wrapper.application; includeInIndex = 0; path = Fincher.app; sourceTree = BUILT_PRODUCTS_DIR; };
		924669982ADDB6EE00C2A238 /* AppDelegate.swift */ = {isa = PBXFileReference; lastKnownFileType = sourcecode.swift; path = AppDelegate.swift; sourceTree = "<group>"; };
		9246699A2ADDB6EE00C2A238 /* SceneDelegate.swift */ = {isa = PBXFileReference; lastKnownFileType = sourcecode.swift; path = SceneDelegate.swift; sourceTree = "<group>"; };
		924669A12ADDB6F000C2A238 /* Assets.xcassets */ = {isa = PBXFileReference; lastKnownFileType = folder.assetcatalog; path = Assets.xcassets; sourceTree = "<group>"; };
		924669A42ADDB6F000C2A238 /* Base */ = {isa = PBXFileReference; lastKnownFileType = file.storyboard; name = Base; path = Base.lproj/LaunchScreen.storyboard; sourceTree = "<group>"; };
		924669A62ADDB6F000C2A238 /* Info.plist */ = {isa = PBXFileReference; lastKnownFileType = text.plist.xml; path = Info.plist; sourceTree = "<group>"; };
		924669AB2ADDB6F000C2A238 /* FincherTests.xctest */ = {isa = PBXFileReference; explicitFileType = wrapper.cfbundle; includeInIndex = 0; path = FincherTests.xctest; sourceTree = BUILT_PRODUCTS_DIR; };
		924669AF2ADDB6F000C2A238 /* FincherTests.swift */ = {isa = PBXFileReference; lastKnownFileType = sourcecode.swift; path = FincherTests.swift; sourceTree = "<group>"; };
		924669B52ADDB6F000C2A238 /* FincherUITests.xctest */ = {isa = PBXFileReference; explicitFileType = wrapper.cfbundle; includeInIndex = 0; path = FincherUITests.xctest; sourceTree = BUILT_PRODUCTS_DIR; };
		924669B92ADDB6F000C2A238 /* FincherUITests.swift */ = {isa = PBXFileReference; lastKnownFileType = sourcecode.swift; path = FincherUITests.swift; sourceTree = "<group>"; };
		924669BB2ADDB6F000C2A238 /* FincherUITestsLaunchTests.swift */ = {isa = PBXFileReference; lastKnownFileType = sourcecode.swift; path = FincherUITestsLaunchTests.swift; sourceTree = "<group>"; };
		B01CBD4F8E3E73F933DF5B9A /* Pods-Fincher-FincherUITests.release.xcconfig */ = {isa = PBXFileReference; includeInIndex = 1; lastKnownFileType = text.xcconfig; name = "Pods-Fincher-FincherUITests.release.xcconfig"; path = "Target Support Files/Pods-Fincher-FincherUITests/Pods-Fincher-FincherUITests.release.xcconfig"; sourceTree = "<group>"; };
		B34C4F0A82B8DF30B51ECCE7 /* Pods_Fincher_FincherUITests.framework */ = {isa = PBXFileReference; explicitFileType = wrapper.framework; includeInIndex = 0; path = Pods_Fincher_FincherUITests.framework; sourceTree = BUILT_PRODUCTS_DIR; };
		D657E842A100FC60B4DD3071 /* Pods_FincherTests.framework */ = {isa = PBXFileReference; explicitFileType = wrapper.framework; includeInIndex = 0; path = Pods_FincherTests.framework; sourceTree = BUILT_PRODUCTS_DIR; };
		F3E546AA322BB7A44A280AD0 /* Pods-Fincher-FincherUITests.debug.xcconfig */ = {isa = PBXFileReference; includeInIndex = 1; lastKnownFileType = text.xcconfig; name = "Pods-Fincher-FincherUITests.debug.xcconfig"; path = "Target Support Files/Pods-Fincher-FincherUITests/Pods-Fincher-FincherUITests.debug.xcconfig"; sourceTree = "<group>"; };
/* End PBXFileReference section */

/* Begin PBXFrameworksBuildPhase section */
		924669922ADDB6EE00C2A238 /* Frameworks */ = {
			isa = PBXFrameworksBuildPhase;
			buildActionMask = 2147483647;
			files = (
				B243CFCCB09B6DF5C61873E0 /* Pods_Fincher.framework in Frameworks */,
			);
			runOnlyForDeploymentPostprocessing = 0;
		};
		924669A82ADDB6F000C2A238 /* Frameworks */ = {
			isa = PBXFrameworksBuildPhase;
			buildActionMask = 2147483647;
			files = (
				245BDA66D846C5BAC755C3AA /* Pods_FincherTests.framework in Frameworks */,
			);
			runOnlyForDeploymentPostprocessing = 0;
		};
		924669B22ADDB6F000C2A238 /* Frameworks */ = {
			isa = PBXFrameworksBuildPhase;
			buildActionMask = 2147483647;
			files = (
				51191BACE14E19FB23B73618 /* Pods_Fincher_FincherUITests.framework in Frameworks */,
			);
			runOnlyForDeploymentPostprocessing = 0;
		};
/* End PBXFrameworksBuildPhase section */

/* Begin PBXGroup section */
		2AEDFFFE180960CC95DAD900 /* Frameworks */ = {
			isa = PBXGroup;
			children = (
				34A5529620D6A61E2982F382 /* Pods_Fincher.framework */,
				B34C4F0A82B8DF30B51ECCE7 /* Pods_Fincher_FincherUITests.framework */,
				D657E842A100FC60B4DD3071 /* Pods_FincherTests.framework */,
			);
			name = Frameworks;
			sourceTree = "<group>";
		};
		9246698C2ADDB6EE00C2A238 = {
			isa = PBXGroup;
			children = (
				924669972ADDB6EE00C2A238 /* Fincher */,
				924669AE2ADDB6F000C2A238 /* FincherTests */,
				924669B82ADDB6F000C2A238 /* FincherUITests */,
				924669962ADDB6EE00C2A238 /* Products */,
				E484B06C8690345AE74A8D8F /* Pods */,
				2AEDFFFE180960CC95DAD900 /* Frameworks */,
			);
			sourceTree = "<group>";
		};
		924669962ADDB6EE00C2A238 /* Products */ = {
			isa = PBXGroup;
			children = (
				924669952ADDB6EE00C2A238 /* Fincher.app */,
				924669AB2ADDB6F000C2A238 /* FincherTests.xctest */,
				924669B52ADDB6F000C2A238 /* FincherUITests.xctest */,
			);
			name = Products;
			sourceTree = "<group>";
		};
		924669972ADDB6EE00C2A238 /* Fincher */ = {
			isa = PBXGroup;
			children = (
				924669C82ADDC27200C2A238 /* App */,
				924669CA2ADDC4EA00C2A238 /* Core */,
				924669C92ADDC4C900C2A238 /* Resources */,
				924669CB2ADDC4FB00C2A238 /* Environments */,
			);
			path = Fincher;
			sourceTree = "<group>";
		};
		924669AE2ADDB6F000C2A238 /* FincherTests */ = {
			isa = PBXGroup;
			children = (
				924669AF2ADDB6F000C2A238 /* FincherTests.swift */,
			);
			path = FincherTests;
			sourceTree = "<group>";
		};
		924669B82ADDB6F000C2A238 /* FincherUITests */ = {
			isa = PBXGroup;
			children = (
				924669B92ADDB6F000C2A238 /* FincherUITests.swift */,
				924669BB2ADDB6F000C2A238 /* FincherUITestsLaunchTests.swift */,
			);
			path = FincherUITests;
			sourceTree = "<group>";
		};
		924669C82ADDC27200C2A238 /* App */ = {
			isa = PBXGroup;
			children = (
				924669982ADDB6EE00C2A238 /* AppDelegate.swift */,
				9246699A2ADDB6EE00C2A238 /* SceneDelegate.swift */,
				924669CF2ADDC55600C2A238 /* BusinessLogic */,
				924669CE2ADDC54C00C2A238 /* Entity */,
				924669CD2ADDC53E00C2A238 /* Assembly */,
				924669CC2ADDC52900C2A238 /* Flows */,
			);
			path = App;
			sourceTree = "<group>";
		};
		924669C92ADDC4C900C2A238 /* Resources */ = {
			isa = PBXGroup;
			children = (
				924669A12ADDB6F000C2A238 /* Assets.xcassets */,
				924669A32ADDB6F000C2A238 /* LaunchScreen.storyboard */,
				1B2F32582AE0017600F68A15 /* Localizable.strings */,
			);
			path = Resources;
			sourceTree = "<group>";
		};
		924669CA2ADDC4EA00C2A238 /* Core */ = {
			isa = PBXGroup;
			children = (
				924669D02ADDC5EC00C2A238 /* Extension */,
			);
			path = Core;
			sourceTree = "<group>";
		};
		924669CB2ADDC4FB00C2A238 /* Environments */ = {
			isa = PBXGroup;
			children = (
				924669A62ADDB6F000C2A238 /* Info.plist */,
			);
			path = Environments;
			sourceTree = "<group>";
		};
		924669CC2ADDC52900C2A238 /* Flows */ = {
			isa = PBXGroup;
			children = (
				1B2F32522ADEDF2600F68A15 /* MainViewController.swift */,
				1BEECA682AE5AA440085AB1E /* CalculateOptionStackViewBuilder.swift */,
				1BEECA6A2AE5B0400085AB1E /* DropDownButtonBuilder.swift */,
				1BEECA6C2AE5B1FF0085AB1E /* AmountOfCreditStackViewBuilder.swift */,
				1BEECA6E2AE5B38D0085AB1E /* CreditTermStackViewBuilder.swift */,
				1BEECA702AE934300085AB1E /* InterestRateStackViewBuilder.swift */,
				1BEECA722AE950BF0085AB1E /* MonthlyPaymentStackViewBuilder.swift */,
			);
			path = Flows;
			sourceTree = "<group>";
		};
		924669CD2ADDC53E00C2A238 /* Assembly */ = {
			isa = PBXGroup;
			children = (
				1B2F325B2AE004BA00F68A15 /* Strings.swift */,
			);
			path = Assembly;
			sourceTree = "<group>";
		};
		924669CE2ADDC54C00C2A238 /* Entity */ = {
			isa = PBXGroup;
			children = (
			);
			path = Entity;
			sourceTree = "<group>";
		};
		924669CF2ADDC55600C2A238 /* BusinessLogic */ = {
			isa = PBXGroup;
			children = (
			);
			path = BusinessLogic;
			sourceTree = "<group>";
		};
		924669D02ADDC5EC00C2A238 /* Extension */ = {
			isa = PBXGroup;
			children = (
			);
			path = Extension;
			sourceTree = "<group>";
		};
		E484B06C8690345AE74A8D8F /* Pods */ = {
			isa = PBXGroup;
			children = (
				2A6D6232FB7AC4E430DA1A38 /* Pods-Fincher.debug.xcconfig */,
				565CD788E1A1642640FC08E0 /* Pods-Fincher.release.xcconfig */,
				F3E546AA322BB7A44A280AD0 /* Pods-Fincher-FincherUITests.debug.xcconfig */,
				B01CBD4F8E3E73F933DF5B9A /* Pods-Fincher-FincherUITests.release.xcconfig */,
				32DB09BD8B4D417652BE1814 /* Pods-FincherTests.debug.xcconfig */,
				64396A8AC74A400ED8AC0C44 /* Pods-FincherTests.release.xcconfig */,
			);
			path = Pods;
			sourceTree = "<group>";
		};
/* End PBXGroup section */

/* Begin PBXNativeTarget section */
		924669942ADDB6EE00C2A238 /* Fincher */ = {
			isa = PBXNativeTarget;
			buildConfigurationList = 924669BF2ADDB6F000C2A238 /* Build configuration list for PBXNativeTarget "Fincher" */;
			buildPhases = (
				8C95CB596A6D0C29719C2269 /* [CP] Check Pods Manifest.lock */,
				924669912ADDB6EE00C2A238 /* Sources */,
				924669922ADDB6EE00C2A238 /* Frameworks */,
				924669932ADDB6EE00C2A238 /* Resources */,
				726C443BAFB35B5D1D4C1EAC /* [CP] Embed Pods Frameworks */,
			);
			buildRules = (
			);
			dependencies = (
			);
			name = Fincher;
			productName = Fincher;
			productReference = 924669952ADDB6EE00C2A238 /* Fincher.app */;
			productType = "com.apple.product-type.application";
		};
		924669AA2ADDB6F000C2A238 /* FincherTests */ = {
			isa = PBXNativeTarget;
			buildConfigurationList = 924669C22ADDB6F000C2A238 /* Build configuration list for PBXNativeTarget "FincherTests" */;
			buildPhases = (
				95C66DDFE3141B3402B2069C /* [CP] Check Pods Manifest.lock */,
				924669A72ADDB6F000C2A238 /* Sources */,
				924669A82ADDB6F000C2A238 /* Frameworks */,
				924669A92ADDB6F000C2A238 /* Resources */,
			);
			buildRules = (
			);
			dependencies = (
				924669AD2ADDB6F000C2A238 /* PBXTargetDependency */,
			);
			name = FincherTests;
			productName = FincherTests;
			productReference = 924669AB2ADDB6F000C2A238 /* FincherTests.xctest */;
			productType = "com.apple.product-type.bundle.unit-test";
		};
		924669B42ADDB6F000C2A238 /* FincherUITests */ = {
			isa = PBXNativeTarget;
			buildConfigurationList = 924669C52ADDB6F000C2A238 /* Build configuration list for PBXNativeTarget "FincherUITests" */;
			buildPhases = (
				10B2C5CD0A7B6CFB954DF9FE /* [CP] Check Pods Manifest.lock */,
				924669B12ADDB6F000C2A238 /* Sources */,
				924669B22ADDB6F000C2A238 /* Frameworks */,
				924669B32ADDB6F000C2A238 /* Resources */,
				BA630010BE5D2C494DE3FCC9 /* [CP] Embed Pods Frameworks */,
			);
			buildRules = (
			);
			dependencies = (
				924669B72ADDB6F000C2A238 /* PBXTargetDependency */,
			);
			name = FincherUITests;
			productName = FincherUITests;
			productReference = 924669B52ADDB6F000C2A238 /* FincherUITests.xctest */;
			productType = "com.apple.product-type.bundle.ui-testing";
		};
/* End PBXNativeTarget section */

/* Begin PBXProject section */
		9246698D2ADDB6EE00C2A238 /* Project object */ = {
			isa = PBXProject;
			attributes = {
				BuildIndependentTargetsInParallel = 1;
				LastSwiftUpdateCheck = 1430;
				LastUpgradeCheck = 1430;
				TargetAttributes = {
					924669942ADDB6EE00C2A238 = {
						CreatedOnToolsVersion = 14.3.1;
					};
					924669AA2ADDB6F000C2A238 = {
						CreatedOnToolsVersion = 14.3.1;
						TestTargetID = 924669942ADDB6EE00C2A238;
					};
					924669B42ADDB6F000C2A238 = {
						CreatedOnToolsVersion = 14.3.1;
						TestTargetID = 924669942ADDB6EE00C2A238;
					};
				};
			};
			buildConfigurationList = 924669902ADDB6EE00C2A238 /* Build configuration list for PBXProject "Fincher" */;
			compatibilityVersion = "Xcode 14.0";
			developmentRegion = en;
			hasScannedForEncodings = 0;
			knownRegions = (
				en,
				Base,
				ru,
			);
			mainGroup = 9246698C2ADDB6EE00C2A238;
			productRefGroup = 924669962ADDB6EE00C2A238 /* Products */;
			projectDirPath = "";
			projectRoot = "";
			targets = (
				924669942ADDB6EE00C2A238 /* Fincher */,
				924669AA2ADDB6F000C2A238 /* FincherTests */,
				924669B42ADDB6F000C2A238 /* FincherUITests */,
			);
		};
/* End PBXProject section */

/* Begin PBXResourcesBuildPhase section */
		924669932ADDB6EE00C2A238 /* Resources */ = {
			isa = PBXResourcesBuildPhase;
			buildActionMask = 2147483647;
			files = (
				924669A52ADDB6F000C2A238 /* LaunchScreen.storyboard in Resources */,
				1B2F32562AE0017600F68A15 /* Localizable.strings in Resources */,
				924669A22ADDB6F000C2A238 /* Assets.xcassets in Resources */,
			);
			runOnlyForDeploymentPostprocessing = 0;
		};
		924669A92ADDB6F000C2A238 /* Resources */ = {
			isa = PBXResourcesBuildPhase;
			buildActionMask = 2147483647;
			files = (
			);
			runOnlyForDeploymentPostprocessing = 0;
		};
		924669B32ADDB6F000C2A238 /* Resources */ = {
			isa = PBXResourcesBuildPhase;
			buildActionMask = 2147483647;
			files = (
			);
			runOnlyForDeploymentPostprocessing = 0;
		};
/* End PBXResourcesBuildPhase section */

/* Begin PBXShellScriptBuildPhase section */
		10B2C5CD0A7B6CFB954DF9FE /* [CP] Check Pods Manifest.lock */ = {
			isa = PBXShellScriptBuildPhase;
			buildActionMask = 2147483647;
			files = (
			);
			inputFileListPaths = (
			);
			inputPaths = (
				"${PODS_PODFILE_DIR_PATH}/Podfile.lock",
				"${PODS_ROOT}/Manifest.lock",
			);
			name = "[CP] Check Pods Manifest.lock";
			outputFileListPaths = (
			);
			outputPaths = (
				"$(DERIVED_FILE_DIR)/Pods-Fincher-FincherUITests-checkManifestLockResult.txt",
			);
			runOnlyForDeploymentPostprocessing = 0;
			shellPath = /bin/sh;
			shellScript = "diff \"${PODS_PODFILE_DIR_PATH}/Podfile.lock\" \"${PODS_ROOT}/Manifest.lock\" > /dev/null\nif [ $? != 0 ] ; then\n    # print error to STDERR\n    echo \"error: The sandbox is not in sync with the Podfile.lock. Run 'pod install' or update your CocoaPods installation.\" >&2\n    exit 1\nfi\n# This output is used by Xcode 'outputs' to avoid re-running this script phase.\necho \"SUCCESS\" > \"${SCRIPT_OUTPUT_FILE_0}\"\n";
			showEnvVarsInLog = 0;
		};
		726C443BAFB35B5D1D4C1EAC /* [CP] Embed Pods Frameworks */ = {
			isa = PBXShellScriptBuildPhase;
			buildActionMask = 2147483647;
			files = (
			);
			inputFileListPaths = (
				"${PODS_ROOT}/Target Support Files/Pods-Fincher/Pods-Fincher-frameworks-${CONFIGURATION}-input-files.xcfilelist",
			);
			name = "[CP] Embed Pods Frameworks";
			outputFileListPaths = (
				"${PODS_ROOT}/Target Support Files/Pods-Fincher/Pods-Fincher-frameworks-${CONFIGURATION}-output-files.xcfilelist",
			);
			runOnlyForDeploymentPostprocessing = 0;
			shellPath = /bin/sh;
			shellScript = "\"${PODS_ROOT}/Target Support Files/Pods-Fincher/Pods-Fincher-frameworks.sh\"\n";
			showEnvVarsInLog = 0;
		};
		8C95CB596A6D0C29719C2269 /* [CP] Check Pods Manifest.lock */ = {
			isa = PBXShellScriptBuildPhase;
			buildActionMask = 2147483647;
			files = (
			);
			inputFileListPaths = (
			);
			inputPaths = (
				"${PODS_PODFILE_DIR_PATH}/Podfile.lock",
				"${PODS_ROOT}/Manifest.lock",
			);
			name = "[CP] Check Pods Manifest.lock";
			outputFileListPaths = (
			);
			outputPaths = (
				"$(DERIVED_FILE_DIR)/Pods-Fincher-checkManifestLockResult.txt",
			);
			runOnlyForDeploymentPostprocessing = 0;
			shellPath = /bin/sh;
			shellScript = "diff \"${PODS_PODFILE_DIR_PATH}/Podfile.lock\" \"${PODS_ROOT}/Manifest.lock\" > /dev/null\nif [ $? != 0 ] ; then\n    # print error to STDERR\n    echo \"error: The sandbox is not in sync with the Podfile.lock. Run 'pod install' or update your CocoaPods installation.\" >&2\n    exit 1\nfi\n# This output is used by Xcode 'outputs' to avoid re-running this script phase.\necho \"SUCCESS\" > \"${SCRIPT_OUTPUT_FILE_0}\"\n";
			showEnvVarsInLog = 0;
		};
		95C66DDFE3141B3402B2069C /* [CP] Check Pods Manifest.lock */ = {
			isa = PBXShellScriptBuildPhase;
			buildActionMask = 2147483647;
			files = (
			);
			inputFileListPaths = (
			);
			inputPaths = (
				"${PODS_PODFILE_DIR_PATH}/Podfile.lock",
				"${PODS_ROOT}/Manifest.lock",
			);
			name = "[CP] Check Pods Manifest.lock";
			outputFileListPaths = (
			);
			outputPaths = (
				"$(DERIVED_FILE_DIR)/Pods-FincherTests-checkManifestLockResult.txt",
			);
			runOnlyForDeploymentPostprocessing = 0;
			shellPath = /bin/sh;
			shellScript = "diff \"${PODS_PODFILE_DIR_PATH}/Podfile.lock\" \"${PODS_ROOT}/Manifest.lock\" > /dev/null\nif [ $? != 0 ] ; then\n    # print error to STDERR\n    echo \"error: The sandbox is not in sync with the Podfile.lock. Run 'pod install' or update your CocoaPods installation.\" >&2\n    exit 1\nfi\n# This output is used by Xcode 'outputs' to avoid re-running this script phase.\necho \"SUCCESS\" > \"${SCRIPT_OUTPUT_FILE_0}\"\n";
			showEnvVarsInLog = 0;
		};
		BA630010BE5D2C494DE3FCC9 /* [CP] Embed Pods Frameworks */ = {
			isa = PBXShellScriptBuildPhase;
			buildActionMask = 2147483647;
			files = (
			);
			inputFileListPaths = (
				"${PODS_ROOT}/Target Support Files/Pods-Fincher-FincherUITests/Pods-Fincher-FincherUITests-frameworks-${CONFIGURATION}-input-files.xcfilelist",
			);
			name = "[CP] Embed Pods Frameworks";
			outputFileListPaths = (
				"${PODS_ROOT}/Target Support Files/Pods-Fincher-FincherUITests/Pods-Fincher-FincherUITests-frameworks-${CONFIGURATION}-output-files.xcfilelist",
			);
			runOnlyForDeploymentPostprocessing = 0;
			shellPath = /bin/sh;
			shellScript = "\"${PODS_ROOT}/Target Support Files/Pods-Fincher-FincherUITests/Pods-Fincher-FincherUITests-frameworks.sh\"\n";
			showEnvVarsInLog = 0;
		};
/* End PBXShellScriptBuildPhase section */

/* Begin PBXSourcesBuildPhase section */
		924669912ADDB6EE00C2A238 /* Sources */ = {
			isa = PBXSourcesBuildPhase;
			buildActionMask = 2147483647;
			files = (
				1BEECA6B2AE5B0400085AB1E /* DropDownButtonBuilder.swift in Sources */,
				1BEECA692AE5AA440085AB1E /* CalculateOptionStackViewBuilder.swift in Sources */,
				1BEECA712AE934300085AB1E /* InterestRateStackViewBuilder.swift in Sources */,
				1B2F32532ADEDF2700F68A15 /* MainViewController.swift in Sources */,
				924669992ADDB6EE00C2A238 /* AppDelegate.swift in Sources */,
				1BEECA6F2AE5B38D0085AB1E /* CreditTermStackViewBuilder.swift in Sources */,
				1BEECA732AE950BF0085AB1E /* MonthlyPaymentStackViewBuilder.swift in Sources */,
				1B2F325C2AE004BA00F68A15 /* Strings.swift in Sources */,
				9246699B2ADDB6EE00C2A238 /* SceneDelegate.swift in Sources */,
				1BEECA6D2AE5B1FF0085AB1E /* AmountOfCreditStackViewBuilder.swift in Sources */,
			);
			runOnlyForDeploymentPostprocessing = 0;
		};
		924669A72ADDB6F000C2A238 /* Sources */ = {
			isa = PBXSourcesBuildPhase;
			buildActionMask = 2147483647;
			files = (
				924669B02ADDB6F000C2A238 /* FincherTests.swift in Sources */,
			);
			runOnlyForDeploymentPostprocessing = 0;
		};
		924669B12ADDB6F000C2A238 /* Sources */ = {
			isa = PBXSourcesBuildPhase;
			buildActionMask = 2147483647;
			files = (
				924669BC2ADDB6F000C2A238 /* FincherUITestsLaunchTests.swift in Sources */,
				924669BA2ADDB6F000C2A238 /* FincherUITests.swift in Sources */,
			);
			runOnlyForDeploymentPostprocessing = 0;
		};
/* End PBXSourcesBuildPhase section */

/* Begin PBXTargetDependency section */
		924669AD2ADDB6F000C2A238 /* PBXTargetDependency */ = {
			isa = PBXTargetDependency;
			target = 924669942ADDB6EE00C2A238 /* Fincher */;
			targetProxy = 924669AC2ADDB6F000C2A238 /* PBXContainerItemProxy */;
		};
		924669B72ADDB6F000C2A238 /* PBXTargetDependency */ = {
			isa = PBXTargetDependency;
			target = 924669942ADDB6EE00C2A238 /* Fincher */;
			targetProxy = 924669B62ADDB6F000C2A238 /* PBXContainerItemProxy */;
		};
/* End PBXTargetDependency section */

/* Begin PBXVariantGroup section */
		1B2F32582AE0017600F68A15 /* Localizable.strings */ = {
			isa = PBXVariantGroup;
			children = (
				1B2F32572AE0017600F68A15 /* en */,
				1B2F325A2AE001A400F68A15 /* ru */,
			);
			name = Localizable.strings;
			sourceTree = "<group>";
		};
		924669A32ADDB6F000C2A238 /* LaunchScreen.storyboard */ = {
			isa = PBXVariantGroup;
			children = (
				924669A42ADDB6F000C2A238 /* Base */,
				1B2F32592AE001A300F68A15 /* ru */,
			);
			name = LaunchScreen.storyboard;
			sourceTree = "<group>";
		};
/* End PBXVariantGroup section */

/* Begin XCBuildConfiguration section */
		924669BD2ADDB6F000C2A238 /* Debug */ = {
			isa = XCBuildConfiguration;
			buildSettings = {
				ALWAYS_SEARCH_USER_PATHS = NO;
				CLANG_ANALYZER_LOCALIZABILITY_NONLOCALIZED = YES;
				CLANG_ANALYZER_NONNULL = YES;
				CLANG_ANALYZER_NUMBER_OBJECT_CONVERSION = YES_AGGRESSIVE;
				CLANG_CXX_LANGUAGE_STANDARD = "gnu++20";
				CLANG_ENABLE_MODULES = YES;
				CLANG_ENABLE_OBJC_ARC = YES;
				CLANG_ENABLE_OBJC_WEAK = YES;
				CLANG_WARN_BLOCK_CAPTURE_AUTORELEASING = YES;
				CLANG_WARN_BOOL_CONVERSION = YES;
				CLANG_WARN_COMMA = YES;
				CLANG_WARN_CONSTANT_CONVERSION = YES;
				CLANG_WARN_DEPRECATED_OBJC_IMPLEMENTATIONS = YES;
				CLANG_WARN_DIRECT_OBJC_ISA_USAGE = YES_ERROR;
				CLANG_WARN_DOCUMENTATION_COMMENTS = YES;
				CLANG_WARN_EMPTY_BODY = YES;
				CLANG_WARN_ENUM_CONVERSION = YES;
				CLANG_WARN_INFINITE_RECURSION = YES;
				CLANG_WARN_INT_CONVERSION = YES;
				CLANG_WARN_NON_LITERAL_NULL_CONVERSION = YES;
				CLANG_WARN_OBJC_IMPLICIT_RETAIN_SELF = YES;
				CLANG_WARN_OBJC_LITERAL_CONVERSION = YES;
				CLANG_WARN_OBJC_ROOT_CLASS = YES_ERROR;
				CLANG_WARN_QUOTED_INCLUDE_IN_FRAMEWORK_HEADER = YES;
				CLANG_WARN_RANGE_LOOP_ANALYSIS = YES;
				CLANG_WARN_STRICT_PROTOTYPES = YES;
				CLANG_WARN_SUSPICIOUS_MOVE = YES;
				CLANG_WARN_UNGUARDED_AVAILABILITY = YES_AGGRESSIVE;
				CLANG_WARN_UNREACHABLE_CODE = YES;
				CLANG_WARN__DUPLICATE_METHOD_MATCH = YES;
				COPY_PHASE_STRIP = NO;
				DEBUG_INFORMATION_FORMAT = dwarf;
				ENABLE_STRICT_OBJC_MSGSEND = YES;
				ENABLE_TESTABILITY = YES;
				GCC_C_LANGUAGE_STANDARD = gnu11;
				GCC_DYNAMIC_NO_PIC = NO;
				GCC_NO_COMMON_BLOCKS = YES;
				GCC_OPTIMIZATION_LEVEL = 0;
				GCC_PREPROCESSOR_DEFINITIONS = (
					"DEBUG=1",
					"$(inherited)",
				);
				GCC_WARN_64_TO_32_BIT_CONVERSION = YES;
				GCC_WARN_ABOUT_RETURN_TYPE = YES_ERROR;
				GCC_WARN_UNDECLARED_SELECTOR = YES;
				GCC_WARN_UNINITIALIZED_AUTOS = YES_AGGRESSIVE;
				GCC_WARN_UNUSED_FUNCTION = YES;
				GCC_WARN_UNUSED_VARIABLE = YES;
				IPHONEOS_DEPLOYMENT_TARGET = 13.0;
				MTL_ENABLE_DEBUG_INFO = INCLUDE_SOURCE;
				MTL_FAST_MATH = YES;
				ONLY_ACTIVE_ARCH = YES;
				SDKROOT = iphoneos;
				SWIFT_ACTIVE_COMPILATION_CONDITIONS = DEBUG;
				SWIFT_OPTIMIZATION_LEVEL = "-Onone";
			};
			name = Debug;
		};
		924669BE2ADDB6F000C2A238 /* Release */ = {
			isa = XCBuildConfiguration;
			buildSettings = {
				ALWAYS_SEARCH_USER_PATHS = NO;
				CLANG_ANALYZER_LOCALIZABILITY_NONLOCALIZED = YES;
				CLANG_ANALYZER_NONNULL = YES;
				CLANG_ANALYZER_NUMBER_OBJECT_CONVERSION = YES_AGGRESSIVE;
				CLANG_CXX_LANGUAGE_STANDARD = "gnu++20";
				CLANG_ENABLE_MODULES = YES;
				CLANG_ENABLE_OBJC_ARC = YES;
				CLANG_ENABLE_OBJC_WEAK = YES;
				CLANG_WARN_BLOCK_CAPTURE_AUTORELEASING = YES;
				CLANG_WARN_BOOL_CONVERSION = YES;
				CLANG_WARN_COMMA = YES;
				CLANG_WARN_CONSTANT_CONVERSION = YES;
				CLANG_WARN_DEPRECATED_OBJC_IMPLEMENTATIONS = YES;
				CLANG_WARN_DIRECT_OBJC_ISA_USAGE = YES_ERROR;
				CLANG_WARN_DOCUMENTATION_COMMENTS = YES;
				CLANG_WARN_EMPTY_BODY = YES;
				CLANG_WARN_ENUM_CONVERSION = YES;
				CLANG_WARN_INFINITE_RECURSION = YES;
				CLANG_WARN_INT_CONVERSION = YES;
				CLANG_WARN_NON_LITERAL_NULL_CONVERSION = YES;
				CLANG_WARN_OBJC_IMPLICIT_RETAIN_SELF = YES;
				CLANG_WARN_OBJC_LITERAL_CONVERSION = YES;
				CLANG_WARN_OBJC_ROOT_CLASS = YES_ERROR;
				CLANG_WARN_QUOTED_INCLUDE_IN_FRAMEWORK_HEADER = YES;
				CLANG_WARN_RANGE_LOOP_ANALYSIS = YES;
				CLANG_WARN_STRICT_PROTOTYPES = YES;
				CLANG_WARN_SUSPICIOUS_MOVE = YES;
				CLANG_WARN_UNGUARDED_AVAILABILITY = YES_AGGRESSIVE;
				CLANG_WARN_UNREACHABLE_CODE = YES;
				CLANG_WARN__DUPLICATE_METHOD_MATCH = YES;
				COPY_PHASE_STRIP = NO;
				DEBUG_INFORMATION_FORMAT = "dwarf-with-dsym";
				ENABLE_NS_ASSERTIONS = NO;
				ENABLE_STRICT_OBJC_MSGSEND = YES;
				GCC_C_LANGUAGE_STANDARD = gnu11;
				GCC_NO_COMMON_BLOCKS = YES;
				GCC_WARN_64_TO_32_BIT_CONVERSION = YES;
				GCC_WARN_ABOUT_RETURN_TYPE = YES_ERROR;
				GCC_WARN_UNDECLARED_SELECTOR = YES;
				GCC_WARN_UNINITIALIZED_AUTOS = YES_AGGRESSIVE;
				GCC_WARN_UNUSED_FUNCTION = YES;
				GCC_WARN_UNUSED_VARIABLE = YES;
				IPHONEOS_DEPLOYMENT_TARGET = 13.0;
				MTL_ENABLE_DEBUG_INFO = NO;
				MTL_FAST_MATH = YES;
				SDKROOT = iphoneos;
				SWIFT_COMPILATION_MODE = wholemodule;
				SWIFT_OPTIMIZATION_LEVEL = "-O";
				VALIDATE_PRODUCT = YES;
			};
			name = Release;
		};
		924669C02ADDB6F000C2A238 /* Debug */ = {
			isa = XCBuildConfiguration;
			baseConfigurationReference = 2A6D6232FB7AC4E430DA1A38 /* Pods-Fincher.debug.xcconfig */;
			buildSettings = {
				ASSETCATALOG_COMPILER_APPICON_NAME = AppIcon;
				ASSETCATALOG_COMPILER_GLOBAL_ACCENT_COLOR_NAME = AccentColor;
				CODE_SIGN_STYLE = Automatic;
				CURRENT_PROJECT_VERSION = 1;
				DEVELOPMENT_TEAM = SJ69ZFHT28;
				GENERATE_INFOPLIST_FILE = YES;
				INFOPLIST_FILE = Fincher/Environments/Info.plist;
				INFOPLIST_KEY_CFBundleDisplayName = "Финчер";
				INFOPLIST_KEY_LSApplicationCategoryType = "public.app-category.finance";
				INFOPLIST_KEY_UIApplicationSupportsIndirectInputEvents = YES;
				INFOPLIST_KEY_UILaunchStoryboardName = LaunchScreen;
				INFOPLIST_KEY_UISupportedInterfaceOrientations_iPad = "UIInterfaceOrientationPortrait UIInterfaceOrientationPortraitUpsideDown UIInterfaceOrientationLandscapeLeft UIInterfaceOrientationLandscapeRight";
				INFOPLIST_KEY_UISupportedInterfaceOrientations_iPhone = "UIInterfaceOrientationPortrait UIInterfaceOrientationLandscapeLeft UIInterfaceOrientationLandscapeRight";
				IPHONEOS_DEPLOYMENT_TARGET = 13.0;
				LD_RUNPATH_SEARCH_PATHS = (
					"$(inherited)",
					"@executable_path/Frameworks",
				);
				MARKETING_VERSION = 1.0;
				PRODUCT_BUNDLE_IDENTIFIER = com.ru.Fincher;
				PRODUCT_NAME = "$(TARGET_NAME)";
				SWIFT_EMIT_LOC_STRINGS = YES;
				SWIFT_VERSION = 5.0;
				TARGETED_DEVICE_FAMILY = "1,2";
			};
			name = Debug;
		};
		924669C12ADDB6F000C2A238 /* Release */ = {
			isa = XCBuildConfiguration;
			baseConfigurationReference = 565CD788E1A1642640FC08E0 /* Pods-Fincher.release.xcconfig */;
			buildSettings = {
				ASSETCATALOG_COMPILER_APPICON_NAME = AppIcon;
				ASSETCATALOG_COMPILER_GLOBAL_ACCENT_COLOR_NAME = AccentColor;
				CODE_SIGN_STYLE = Automatic;
				CURRENT_PROJECT_VERSION = 1;
				DEVELOPMENT_TEAM = SJ69ZFHT28;
				GENERATE_INFOPLIST_FILE = YES;
				INFOPLIST_FILE = Fincher/Environments/Info.plist;
				INFOPLIST_KEY_CFBundleDisplayName = "Финчер";
				INFOPLIST_KEY_LSApplicationCategoryType = "public.app-category.finance";
				INFOPLIST_KEY_UIApplicationSupportsIndirectInputEvents = YES;
				INFOPLIST_KEY_UILaunchStoryboardName = LaunchScreen;
				INFOPLIST_KEY_UISupportedInterfaceOrientations_iPad = "UIInterfaceOrientationPortrait UIInterfaceOrientationPortraitUpsideDown UIInterfaceOrientationLandscapeLeft UIInterfaceOrientationLandscapeRight";
				INFOPLIST_KEY_UISupportedInterfaceOrientations_iPhone = "UIInterfaceOrientationPortrait UIInterfaceOrientationLandscapeLeft UIInterfaceOrientationLandscapeRight";
				IPHONEOS_DEPLOYMENT_TARGET = 13.0;
				LD_RUNPATH_SEARCH_PATHS = (
					"$(inherited)",
					"@executable_path/Frameworks",
				);
				MARKETING_VERSION = 1.0;
				PRODUCT_BUNDLE_IDENTIFIER = com.ru.Fincher;
				PRODUCT_NAME = "$(TARGET_NAME)";
				SWIFT_EMIT_LOC_STRINGS = YES;
				SWIFT_VERSION = 5.0;
				TARGETED_DEVICE_FAMILY = "1,2";
			};
			name = Release;
		};
		924669C32ADDB6F000C2A238 /* Debug */ = {
			isa = XCBuildConfiguration;
			baseConfigurationReference = 32DB09BD8B4D417652BE1814 /* Pods-FincherTests.debug.xcconfig */;
			buildSettings = {
				ALWAYS_EMBED_SWIFT_STANDARD_LIBRARIES = YES;
				BUNDLE_LOADER = "$(TEST_HOST)";
				CODE_SIGN_STYLE = Automatic;
				CURRENT_PROJECT_VERSION = 1;
				DEVELOPMENT_TEAM = SJ69ZFHT28;
				GENERATE_INFOPLIST_FILE = YES;
				IPHONEOS_DEPLOYMENT_TARGET = 16.4;
				MARKETING_VERSION = 1.0;
				PRODUCT_BUNDLE_IDENTIFIER = com.ru.FincherTests;
				PRODUCT_NAME = "$(TARGET_NAME)";
				SWIFT_EMIT_LOC_STRINGS = NO;
				SWIFT_VERSION = 5.0;
				TARGETED_DEVICE_FAMILY = "1,2";
				TEST_HOST = "$(BUILT_PRODUCTS_DIR)/Fincher.app/$(BUNDLE_EXECUTABLE_FOLDER_PATH)/Fincher";
			};
			name = Debug;
		};
		924669C42ADDB6F000C2A238 /* Release */ = {
			isa = XCBuildConfiguration;
			baseConfigurationReference = 64396A8AC74A400ED8AC0C44 /* Pods-FincherTests.release.xcconfig */;
			buildSettings = {
				ALWAYS_EMBED_SWIFT_STANDARD_LIBRARIES = YES;
				BUNDLE_LOADER = "$(TEST_HOST)";
				CODE_SIGN_STYLE = Automatic;
				CURRENT_PROJECT_VERSION = 1;
				DEVELOPMENT_TEAM = SJ69ZFHT28;
				GENERATE_INFOPLIST_FILE = YES;
				IPHONEOS_DEPLOYMENT_TARGET = 16.4;
				MARKETING_VERSION = 1.0;
				PRODUCT_BUNDLE_IDENTIFIER = com.ru.FincherTests;
				PRODUCT_NAME = "$(TARGET_NAME)";
				SWIFT_EMIT_LOC_STRINGS = NO;
				SWIFT_VERSION = 5.0;
				TARGETED_DEVICE_FAMILY = "1,2";
				TEST_HOST = "$(BUILT_PRODUCTS_DIR)/Fincher.app/$(BUNDLE_EXECUTABLE_FOLDER_PATH)/Fincher";
			};
			name = Release;
		};
		924669C62ADDB6F000C2A238 /* Debug */ = {
			isa = XCBuildConfiguration;
			baseConfigurationReference = F3E546AA322BB7A44A280AD0 /* Pods-Fincher-FincherUITests.debug.xcconfig */;
			buildSettings = {
				ALWAYS_EMBED_SWIFT_STANDARD_LIBRARIES = YES;
				CODE_SIGN_STYLE = Automatic;
				CURRENT_PROJECT_VERSION = 1;
				DEVELOPMENT_TEAM = SJ69ZFHT28;
				GENERATE_INFOPLIST_FILE = YES;
				MARKETING_VERSION = 1.0;
				PRODUCT_BUNDLE_IDENTIFIER = com.ru.FincherUITests;
				PRODUCT_NAME = "$(TARGET_NAME)";
				SWIFT_EMIT_LOC_STRINGS = NO;
				SWIFT_VERSION = 5.0;
				TARGETED_DEVICE_FAMILY = "1,2";
				TEST_TARGET_NAME = Fincher;
			};
			name = Debug;
		};
		924669C72ADDB6F000C2A238 /* Release */ = {
			isa = XCBuildConfiguration;
			baseConfigurationReference = B01CBD4F8E3E73F933DF5B9A /* Pods-Fincher-FincherUITests.release.xcconfig */;
			buildSettings = {
				ALWAYS_EMBED_SWIFT_STANDARD_LIBRARIES = YES;
				CODE_SIGN_STYLE = Automatic;
				CURRENT_PROJECT_VERSION = 1;
				DEVELOPMENT_TEAM = SJ69ZFHT28;
				GENERATE_INFOPLIST_FILE = YES;
				MARKETING_VERSION = 1.0;
				PRODUCT_BUNDLE_IDENTIFIER = com.ru.FincherUITests;
				PRODUCT_NAME = "$(TARGET_NAME)";
				SWIFT_EMIT_LOC_STRINGS = NO;
				SWIFT_VERSION = 5.0;
				TARGETED_DEVICE_FAMILY = "1,2";
				TEST_TARGET_NAME = Fincher;
			};
			name = Release;
		};
/* End XCBuildConfiguration section */

/* Begin XCConfigurationList section */
		924669902ADDB6EE00C2A238 /* Build configuration list for PBXProject "Fincher" */ = {
			isa = XCConfigurationList;
			buildConfigurations = (
				924669BD2ADDB6F000C2A238 /* Debug */,
				924669BE2ADDB6F000C2A238 /* Release */,
			);
			defaultConfigurationIsVisible = 0;
			defaultConfigurationName = Release;
		};
		924669BF2ADDB6F000C2A238 /* Build configuration list for PBXNativeTarget "Fincher" */ = {
			isa = XCConfigurationList;
			buildConfigurations = (
				924669C02ADDB6F000C2A238 /* Debug */,
				924669C12ADDB6F000C2A238 /* Release */,
			);
			defaultConfigurationIsVisible = 0;
			defaultConfigurationName = Release;
		};
		924669C22ADDB6F000C2A238 /* Build configuration list for PBXNativeTarget "FincherTests" */ = {
			isa = XCConfigurationList;
			buildConfigurations = (
				924669C32ADDB6F000C2A238 /* Debug */,
				924669C42ADDB6F000C2A238 /* Release */,
			);
			defaultConfigurationIsVisible = 0;
			defaultConfigurationName = Release;
		};
		924669C52ADDB6F000C2A238 /* Build configuration list for PBXNativeTarget "FincherUITests" */ = {
			isa = XCConfigurationList;
			buildConfigurations = (
				924669C62ADDB6F000C2A238 /* Debug */,
				924669C72ADDB6F000C2A238 /* Release */,
			);
			defaultConfigurationIsVisible = 0;
			defaultConfigurationName = Release;
		};
/* End XCConfigurationList section */
	};
	rootObject = 9246698D2ADDB6EE00C2A238 /* Project object */;
}
